
Microsoft Visual Studio Solution File, Format Version 12.00
# Visual Studio Version 17
VisualStudioVersion = 17.7.34003.232
MinimumVisualStudioVersion = 10.0.40219.1
Project("{9A19103F-16F7-4668-BE54-9A1E7A4F7556}") = "backend", "backend\backend.csproj", "{D25AB5FF-8536-426A-B6BE-142E9926637E}"
EndProject
Global
	GlobalSection(SolutionConfigurationPlatforms) = preSolution
		Debug|Any CPU = Debug|Any CPU
		Release|Any CPU = Release|Any CPU
	EndGlobalSection
	GlobalSection(ProjectConfigurationPlatforms) = postSolution
		{D25AB5FF-8536-426A-B6BE-142E9926637E}.Debug|Any CPU.ActiveCfg = Debug|Any CPU
		{D25AB5FF-8536-426A-B6BE-142E9926637E}.Debug|Any CPU.Build.0 = Debug|Any CPU
		{D25AB5FF-8536-426A-B6BE-142E9926637E}.Release|Any CPU.ActiveCfg = Release|Any CPU
		{D25AB5FF-8536-426A-B6BE-142E9926637E}.Release|Any CPU.Build.0 = Release|Any CPU
	EndGlobalSection
	GlobalSection(SolutionProperties) = preSolution
		HideSolutionNode = FALSE
	EndGlobalSection
	GlobalSection(ExtensibilityGlobals) = postSolution
		SolutionGuid = {DD9FFB39-E15D-49C6-B314-A43BBF8F6354}
	EndGlobalSection
EndGlobal
